
Microsoft Visual Studio Solution File, Format Version 12.00
# Visual Studio Version 17
VisualStudioVersion = 17.0.32014.148
MinimumVisualStudioVersion = 10.0.40219.1
Project("{FAE04EC0-301F-11D3-BF4B-00C04F79EFBC}") = "CityInfo.APi", "CityInfo.APi\CityInfo.APi.csproj", "{6A01A4EE-05DD-48D9-927F-E207D14FACC1}"
EndProject
Global
	GlobalSection(SolutionConfigurationPlatforms) = preSolution
		Debug|Any CPU = Debug|Any CPU
		Release|Any CPU = Release|Any CPU
	EndGlobalSection
	GlobalSection(ProjectConfigurationPlatforms) = postSolution
		{6A01A4EE-05DD-48D9-927F-E207D14FACC1}.Debug|Any CPU.ActiveCfg = Debug|Any CPU
		{6A01A4EE-05DD-48D9-927F-E207D14FACC1}.Debug|Any CPU.Build.0 = Debug|Any CPU
		{6A01A4EE-05DD-48D9-927F-E207D14FACC1}.Release|Any CPU.ActiveCfg = Release|Any CPU
		{6A01A4EE-05DD-48D9-927F-E207D14FACC1}.Release|Any CPU.Build.0 = Release|Any CPU
	EndGlobalSection
	GlobalSection(SolutionProperties) = preSolution
		HideSolutionNode = FALSE
	EndGlobalSection
	GlobalSection(ExtensibilityGlobals) = postSolution
		SolutionGuid = {5D9B0DBD-C81F-4B2A-BF67-475521C32E34}
	EndGlobalSection
EndGlobal
